// !$*UTF8*$!
{
	archiveVersion = 1;
	classes = {
	};
	objectVersion = 46;
	objects = {

/* Begin PBXBuildFile section */
		284551B71C38F00F003AF5E3 /* EventsViewCell.swift in Sources */ = {isa = PBXBuildFile; fileRef = 284551B61C38F00F003AF5E3 /* EventsViewCell.swift */; };
		284551B91C39F3EC003AF5E3 /* XMLElement.swift in Sources */ = {isa = PBXBuildFile; fileRef = 284551B81C39F3EC003AF5E3 /* XMLElement.swift */; };
		9D00A5A51C44F42100C0DF6D /* School.swift in Sources */ = {isa = PBXBuildFile; fileRef = 9D00A5A41C44F42000C0DF6D /* School.swift */; };
		9D01FA661C78538F00D2A68F /* MessageViewCell.swift in Sources */ = {isa = PBXBuildFile; fileRef = 9D01FA651C78538F00D2A68F /* MessageViewCell.swift */; };
		9D209DAA1C653F5200AA8C50 /* HomescreenViewController.swift in Sources */ = {isa = PBXBuildFile; fileRef = 9D209DA91C653F5200AA8C50 /* HomescreenViewController.swift */; };
		9D3439611C7EAF1A008A4D73 /* Calendar-96.png in Resources */ = {isa = PBXBuildFile; fileRef = 9D3439561C7EAF1A008A4D73 /* Calendar-96.png */; };
		9D3439621C7EAF1A008A4D73 /* Chat-96.png in Resources */ = {isa = PBXBuildFile; fileRef = 9D3439571C7EAF1A008A4D73 /* Chat-96.png */; };
		9D3439631C7EAF1A008A4D73 /* Contacts-96.png in Resources */ = {isa = PBXBuildFile; fileRef = 9D3439581C7EAF1A008A4D73 /* Contacts-96.png */; };
		9D3439641C7EAF1A008A4D73 /* Error-96.png in Resources */ = {isa = PBXBuildFile; fileRef = 9D3439591C7EAF1A008A4D73 /* Error-96.png */; };
		9D3439651C7EAF1A008A4D73 /* High Priority-96.png in Resources */ = {isa = PBXBuildFile; fileRef = 9D34395A1C7EAF1A008A4D73 /* High Priority-96.png */; };
		9D3439661C7EAF1A008A4D73 /* Map-96.png in Resources */ = {isa = PBXBuildFile; fileRef = 9D34395B1C7EAF1A008A4D73 /* Map-96.png */; };
		9D3439671C7EAF1A008A4D73 /* News-96.png in Resources */ = {isa = PBXBuildFile; fileRef = 9D34395C1C7EAF1A008A4D73 /* News-96.png */; };
		9D3439681C7EAF1A008A4D73 /* QR Code-96.png in Resources */ = {isa = PBXBuildFile; fileRef = 9D34395D1C7EAF1A008A4D73 /* QR Code-96.png */; };
		9D3439691C7EAF1A008A4D73 /* Tourist-96.png in Resources */ = {isa = PBXBuildFile; fileRef = 9D34395E1C7EAF1A008A4D73 /* Tourist-96.png */; };
		9D34396A1C7EAF1A008A4D73 /* University-96.png in Resources */ = {isa = PBXBuildFile; fileRef = 9D34395F1C7EAF1A008A4D73 /* University-96.png */; };
		9D34396B1C7EAF1A008A4D73 /* Walking-96.png in Resources */ = {isa = PBXBuildFile; fileRef = 9D3439601C7EAF1A008A4D73 /* Walking-96.png */; };
		9D3938961C75097F0043BE7F /* DirectoryViewController.swift in Sources */ = {isa = PBXBuildFile; fileRef = 9D3938951C75097F0043BE7F /* DirectoryViewController.swift */; };
		9D3938981C750CE20043BE7F /* DirectoryEntries.xml in Resources */ = {isa = PBXBuildFile; fileRef = 9D3938971C750CE20043BE7F /* DirectoryEntries.xml */; };
		9D39389A1C76F5E60043BE7F /* DirectoryViewDetailCell.swift in Sources */ = {isa = PBXBuildFile; fileRef = 9D3938991C76F5E60043BE7F /* DirectoryViewDetailCell.swift */; };
		9D45EA771C5FE31600FA54F2 /* SchoolEmergencies.swift in Sources */ = {isa = PBXBuildFile; fileRef = 9D45EA761C5FE31600FA54F2 /* SchoolEmergencies.swift */; };
		9D4794D11C55450A00F2261B /* SchoolLandmarks.swift in Sources */ = {isa = PBXBuildFile; fileRef = 9D4794D01C55450A00F2261B /* SchoolLandmarks.swift */; };
		9D4794D31C55462400F2261B /* SchoolEvents.swift in Sources */ = {isa = PBXBuildFile; fileRef = 9D4794D21C55462400F2261B /* SchoolEvents.swift */; };
		9D4794D51C55743400F2261B /* SchoolNews.swift in Sources */ = {isa = PBXBuildFile; fileRef = 9D4794D41C55743400F2261B /* SchoolNews.swift */; };
		9D4794D71C558B1700F2261B /* SchoolTours.swift in Sources */ = {isa = PBXBuildFile; fileRef = 9D4794D61C558B1700F2261B /* SchoolTours.swift */; };
		9D4E8BD91C27335F00960097 /* NewsViewCell.swift in Sources */ = {isa = PBXBuildFile; fileRef = 9D4E8BD81C27335F00960097 /* NewsViewCell.swift */; };
		9D55B5831C68EB0A00B34017 /* Angel.jpg in Resources */ = {isa = PBXBuildFile; fileRef = 9D55B5781C68EB0A00B34017 /* Angel.jpg */; };
		9D55B5841C68EB0A00B34017 /* Barn.jpg in Resources */ = {isa = PBXBuildFile; fileRef = 9D55B5791C68EB0A00B34017 /* Barn.jpg */; };
		9D55B5851C68EB0A00B34017 /* Burghers.jpg in Resources */ = {isa = PBXBuildFile; fileRef = 9D55B57A1C68EB0A00B34017 /* Burghers.jpg */; };
		9D55B5861C68EB0A00B34017 /* Cactus.jpg in Resources */ = {isa = PBXBuildFile; fileRef = 9D55B57B1C68EB0A00B34017 /* Cactus.jpg */; };
		9D55B5871C68EB0A00B34017 /* Cantor.jpg in Resources */ = {isa = PBXBuildFile; fileRef = 9D55B57C1C68EB0A00B34017 /* Cantor.jpg */; };
		9D55B5881C68EB0A00B34017 /* Hoover.jpg in Resources */ = {isa = PBXBuildFile; fileRef = 9D55B57D1C68EB0A00B34017 /* Hoover.jpg */; };
		9D55B5891C68EB0A00B34017 /* Mausoleum.jpg in Resources */ = {isa = PBXBuildFile; fileRef = 9D55B57E1C68EB0A00B34017 /* Mausoleum.jpg */; };
		9D55B58A1C68EB0A00B34017 /* Memorial.jpg in Resources */ = {isa = PBXBuildFile; fileRef = 9D55B57F1C68EB0A00B34017 /* Memorial.jpg */; };
		9D55B58B1C68EB0A00B34017 /* Quad.JPG in Resources */ = {isa = PBXBuildFile; fileRef = 9D55B5801C68EB0A00B34017 /* Quad.JPG */; };
		9D55B58C1C68EB0A00B34017 /* Stadium.jpg in Resources */ = {isa = PBXBuildFile; fileRef = 9D55B5811C68EB0A00B34017 /* Stadium.jpg */; };
		9D55B58D1C68EB0A00B34017 /* Tresidder.jpg in Resources */ = {isa = PBXBuildFile; fileRef = 9D55B5821C68EB0A00B34017 /* Tresidder.jpg */; };
		9D98EB381C6DA88D00E4673A /* CalendarElement.swift in Sources */ = {isa = PBXBuildFile; fileRef = 9D98EB371C6DA88D00E4673A /* CalendarElement.swift */; };
		9DA434301C67E3DB0007256B /* HomescreenButton.swift in Sources */ = {isa = PBXBuildFile; fileRef = 9DA4342F1C67E3DB0007256B /* HomescreenButton.swift */; };
		9DA434321C67F6980007256B /* homescreenBackground.mp4 in Resources */ = {isa = PBXBuildFile; fileRef = 9DA434311C67F6630007256B /* homescreenBackground.mp4 */; };
		9DA434341C6821250007256B /* WebView.swift in Sources */ = {isa = PBXBuildFile; fileRef = 9DA434331C6821250007256B /* WebView.swift */; };
		9DB25D721C2B625100874227 /* EmergencyViewController.swift in Sources */ = {isa = PBXBuildFile; fileRef = 9DB25D711C2B625100874227 /* EmergencyViewController.swift */; };
		9DB25D751C2B680100874227 /* EmergencyViewCell.swift in Sources */ = {isa = PBXBuildFile; fileRef = 9DB25D741C2B680100874227 /* EmergencyViewCell.swift */; };
		9DBD981C1C6FC58E00E21627 /* Event.swift in Sources */ = {isa = PBXBuildFile; fileRef = 9DBD981B1C6FC58E00E21627 /* Event.swift */; };
		9DBD981E1C6FC5D900E21627 /* NewsStory.swift in Sources */ = {isa = PBXBuildFile; fileRef = 9DBD981D1C6FC5D900E21627 /* NewsStory.swift */; };
		9DBD98211C6FD1AE00E21627 /* Landmark.swift in Sources */ = {isa = PBXBuildFile; fileRef = 9DBD98201C6FD1AE00E21627 /* Landmark.swift */; };
		9DBD98231C6FD1C700E21627 /* TourLandmark.swift in Sources */ = {isa = PBXBuildFile; fileRef = 9DBD98221C6FD1C700E21627 /* TourLandmark.swift */; };
		9DBD98251C6FD1E700E21627 /* Tour.swift in Sources */ = {isa = PBXBuildFile; fileRef = 9DBD98241C6FD1E700E21627 /* Tour.swift */; };
		9DBD98271C6FD20200E21627 /* EmergencyContact.swift in Sources */ = {isa = PBXBuildFile; fileRef = 9DBD98261C6FD20200E21627 /* EmergencyContact.swift */; };
		9DBD98291C7016D300E21627 /* EventsViewController.swift in Sources */ = {isa = PBXBuildFile; fileRef = 9DBD98281C7016D300E21627 /* EventsViewController.swift */; };
		9DBD982C1C702BAA00E21627 /* emblem.jpg in Resources */ = {isa = PBXBuildFile; fileRef = 9DBD982B1C702BAA00E21627 /* emblem.jpg */; };
		9DBD982E1C71965D00E21627 /* shareOnFacebookIcon.png in Resources */ = {isa = PBXBuildFile; fileRef = 9DBD982D1C71965D00E21627 /* shareOnFacebookIcon.png */; };
		9DBD98331C71987000E21627 /* shareOnTwitterIcon.png in Resources */ = {isa = PBXBuildFile; fileRef = 9DBD98321C71987000E21627 /* shareOnTwitterIcon.png */; };
		9DBD98351C7199F400E21627 /* shareOnTwitterWhiteIcon.png in Resources */ = {isa = PBXBuildFile; fileRef = 9DBD98341C7199F400E21627 /* shareOnTwitterWhiteIcon.png */; };
		9DBD98371C7199FE00E21627 /* shareOnFacebookWhiteIcon.png in Resources */ = {isa = PBXBuildFile; fileRef = 9DBD98361C7199FE00E21627 /* shareOnFacebookWhiteIcon.png */; };
		9DBD98391C73CA0500E21627 /* DirectoryEntry.swift in Sources */ = {isa = PBXBuildFile; fileRef = 9DBD98381C73CA0500E21627 /* DirectoryEntry.swift */; };
		9DBD983B1C73CE2400E21627 /* SchoolDirectory.swift in Sources */ = {isa = PBXBuildFile; fileRef = 9DBD983A1C73CE2400E21627 /* SchoolDirectory.swift */; };
		9DBD98401C73DAC900E21627 /* DirectoryViewCell.swift in Sources */ = {isa = PBXBuildFile; fileRef = 9DBD983F1C73DAC900E21627 /* DirectoryViewCell.swift */; };
		9DBD98421C73E5FB00E21627 /* DirectoryViewDetailController.swift in Sources */ = {isa = PBXBuildFile; fileRef = 9DBD98411C73E5FB00E21627 /* DirectoryViewDetailController.swift */; };
		9DCB663C1C251B2A0083586E /* CollegeAppTests.swift in Sources */ = {isa = PBXBuildFile; fileRef = 9DCB663B1C251B2A0083586E /* CollegeAppTests.swift */; };
		9DCB66471C251B2A0083586E /* CollegeAppUITests.swift in Sources */ = {isa = PBXBuildFile; fileRef = 9DCB66461C251B2A0083586E /* CollegeAppUITests.swift */; };
		9DCB665A1C251B510083586E /* AppDelegate.swift in Sources */ = {isa = PBXBuildFile; fileRef = 9DCB66541C251B510083586E /* AppDelegate.swift */; };
		9DCB665C1C251B510083586E /* MapController.swift in Sources */ = {isa = PBXBuildFile; fileRef = 9DCB66561C251B510083586E /* MapController.swift */; };
		9DCB665D1C251B510083586E /* MapSearchResultsView.swift in Sources */ = {isa = PBXBuildFile; fileRef = 9DCB66571C251B510083586E /* MapSearchResultsView.swift */; };
		9DCB665E1C251B510083586E /* QRDetailController.swift in Sources */ = {isa = PBXBuildFile; fileRef = 9DCB66581C251B510083586E /* QRDetailController.swift */; };
		9DCB665F1C251B510083586E /* QRViewController.swift in Sources */ = {isa = PBXBuildFile; fileRef = 9DCB66591C251B510083586E /* QRViewController.swift */; };
		9DCB66631C251B600083586E /* Main.storyboard in Resources */ = {isa = PBXBuildFile; fileRef = 9DCB66601C251B600083586E /* Main.storyboard */; };
		9DCB66641C251B600083586E /* Assets.xcassets in Resources */ = {isa = PBXBuildFile; fileRef = 9DCB66611C251B600083586E /* Assets.xcassets */; };
		9DCB66651C251B600083586E /* LaunchScreen.storyboard in Resources */ = {isa = PBXBuildFile; fileRef = 9DCB66621C251B600083586E /* LaunchScreen.storyboard */; };
		9DCB66671C2547AC0083586E /* NewsViewController.swift in Sources */ = {isa = PBXBuildFile; fileRef = 9DCB66661C2547AC0083586E /* NewsViewController.swift */; };
		9DD255881C6BA93E00CBBD60 /* MessageViewController.swift in Sources */ = {isa = PBXBuildFile; fileRef = 9DD255871C6BA93E00CBBD60 /* MessageViewController.swift */; };
		9DD6A1E81C4D7FCB0025FE44 /* TourViewController.swift in Sources */ = {isa = PBXBuildFile; fileRef = 9DD6A1E71C4D7FCB0025FE44 /* TourViewController.swift */; };
		9DE70D441C6CF61A0056850D /* MessageGroupSelectorViewController.swift in Sources */ = {isa = PBXBuildFile; fileRef = 9DE70D431C6CF61A0056850D /* MessageGroupSelectorViewController.swift */; };
		9DE70D471C6CFE990056850D /* MessageSelectorCell.swift in Sources */ = {isa = PBXBuildFile; fileRef = 9DE70D461C6CFE990056850D /* MessageSelectorCell.swift */; };
		9DF316701C5286E900D51CB3 /* TourViewDetailController.swift in Sources */ = {isa = PBXBuildFile; fileRef = 9DF3166F1C5286E900D51CB3 /* TourViewDetailController.swift */; };
/* End PBXBuildFile section */

/* Begin PBXContainerItemProxy section */
		9DCB66381C251B2A0083586E /* PBXContainerItemProxy */ = {
			isa = PBXContainerItemProxy;
			containerPortal = 9DCB661B1C251B2A0083586E /* Project object */;
			proxyType = 1;
			remoteGlobalIDString = 9DCB66221C251B2A0083586E;
			remoteInfo = CollegeApp;
		};
		9DCB66431C251B2A0083586E /* PBXContainerItemProxy */ = {
			isa = PBXContainerItemProxy;
			containerPortal = 9DCB661B1C251B2A0083586E /* Project object */;
			proxyType = 1;
			remoteGlobalIDString = 9DCB66221C251B2A0083586E;
			remoteInfo = CollegeApp;
		};
/* End PBXContainerItemProxy section */

/* Begin PBXFileReference section */
		284551B61C38F00F003AF5E3 /* EventsViewCell.swift */ = {isa = PBXFileReference; fileEncoding = 4; lastKnownFileType = sourcecode.swift; path = EventsViewCell.swift; sourceTree = "<group>"; };
		284551B81C39F3EC003AF5E3 /* XMLElement.swift */ = {isa = PBXFileReference; fileEncoding = 4; lastKnownFileType = sourcecode.swift; path = XMLElement.swift; sourceTree = "<group>"; usesTabs = 0; };
		9D00A5A41C44F42000C0DF6D /* School.swift */ = {isa = PBXFileReference; fileEncoding = 4; lastKnownFileType = sourcecode.swift; path = School.swift; sourceTree = "<group>"; };
		9D01FA651C78538F00D2A68F /* MessageViewCell.swift */ = {isa = PBXFileReference; fileEncoding = 4; lastKnownFileType = sourcecode.swift; path = MessageViewCell.swift; sourceTree = "<group>"; };
		9D209DA91C653F5200AA8C50 /* HomescreenViewController.swift */ = {isa = PBXFileReference; fileEncoding = 4; lastKnownFileType = sourcecode.swift; path = HomescreenViewController.swift; sourceTree = "<group>"; };
		9D3439561C7EAF1A008A4D73 /* Calendar-96.png */ = {isa = PBXFileReference; lastKnownFileType = image.png; path = "Calendar-96.png"; sourceTree = "<group>"; };
		9D3439571C7EAF1A008A4D73 /* Chat-96.png */ = {isa = PBXFileReference; lastKnownFileType = image.png; path = "Chat-96.png"; sourceTree = "<group>"; };
		9D3439581C7EAF1A008A4D73 /* Contacts-96.png */ = {isa = PBXFileReference; lastKnownFileType = image.png; path = "Contacts-96.png"; sourceTree = "<group>"; };
		9D3439591C7EAF1A008A4D73 /* Error-96.png */ = {isa = PBXFileReference; lastKnownFileType = image.png; path = "Error-96.png"; sourceTree = "<group>"; };
		9D34395A1C7EAF1A008A4D73 /* High Priority-96.png */ = {isa = PBXFileReference; lastKnownFileType = image.png; path = "High Priority-96.png"; sourceTree = "<group>"; };
		9D34395B1C7EAF1A008A4D73 /* Map-96.png */ = {isa = PBXFileReference; lastKnownFileType = image.png; path = "Map-96.png"; sourceTree = "<group>"; };
		9D34395C1C7EAF1A008A4D73 /* News-96.png */ = {isa = PBXFileReference; lastKnownFileType = image.png; path = "News-96.png"; sourceTree = "<group>"; };
		9D34395D1C7EAF1A008A4D73 /* QR Code-96.png */ = {isa = PBXFileReference; lastKnownFileType = image.png; path = "QR Code-96.png"; sourceTree = "<group>"; };
		9D34395E1C7EAF1A008A4D73 /* Tourist-96.png */ = {isa = PBXFileReference; lastKnownFileType = image.png; path = "Tourist-96.png"; sourceTree = "<group>"; };
		9D34395F1C7EAF1A008A4D73 /* University-96.png */ = {isa = PBXFileReference; lastKnownFileType = image.png; path = "University-96.png"; sourceTree = "<group>"; };
		9D3439601C7EAF1A008A4D73 /* Walking-96.png */ = {isa = PBXFileReference; lastKnownFileType = image.png; path = "Walking-96.png"; sourceTree = "<group>"; };
		9D3938951C75097F0043BE7F /* DirectoryViewController.swift */ = {isa = PBXFileReference; fileEncoding = 4; lastKnownFileType = sourcecode.swift; path = DirectoryViewController.swift; sourceTree = "<group>"; };
		9D3938971C750CE20043BE7F /* DirectoryEntries.xml */ = {isa = PBXFileReference; fileEncoding = 4; lastKnownFileType = text.xml; path = DirectoryEntries.xml; sourceTree = "<group>"; };
		9D3938991C76F5E60043BE7F /* DirectoryViewDetailCell.swift */ = {isa = PBXFileReference; fileEncoding = 4; lastKnownFileType = sourcecode.swift; path = DirectoryViewDetailCell.swift; sourceTree = "<group>"; };
		9D45EA761C5FE31600FA54F2 /* SchoolEmergencies.swift */ = {isa = PBXFileReference; fileEncoding = 4; lastKnownFileType = sourcecode.swift; path = SchoolEmergencies.swift; sourceTree = "<group>"; };
		9D4794D01C55450A00F2261B /* SchoolLandmarks.swift */ = {isa = PBXFileReference; fileEncoding = 4; lastKnownFileType = sourcecode.swift; path = SchoolLandmarks.swift; sourceTree = "<group>"; };
		9D4794D21C55462400F2261B /* SchoolEvents.swift */ = {isa = PBXFileReference; fileEncoding = 4; lastKnownFileType = sourcecode.swift; path = SchoolEvents.swift; sourceTree = "<group>"; };
		9D4794D41C55743400F2261B /* SchoolNews.swift */ = {isa = PBXFileReference; fileEncoding = 4; lastKnownFileType = sourcecode.swift; path = SchoolNews.swift; sourceTree = "<group>"; };
		9D4794D61C558B1700F2261B /* SchoolTours.swift */ = {isa = PBXFileReference; fileEncoding = 4; lastKnownFileType = sourcecode.swift; path = SchoolTours.swift; sourceTree = "<group>"; };
		9D4E8BD81C27335F00960097 /* NewsViewCell.swift */ = {isa = PBXFileReference; fileEncoding = 4; lastKnownFileType = sourcecode.swift; path = NewsViewCell.swift; sourceTree = "<group>"; };
		9D55B5781C68EB0A00B34017 /* Angel.jpg */ = {isa = PBXFileReference; lastKnownFileType = image.jpeg; path = Angel.jpg; sourceTree = "<group>"; };
		9D55B5791C68EB0A00B34017 /* Barn.jpg */ = {isa = PBXFileReference; lastKnownFileType = image.jpeg; path = Barn.jpg; sourceTree = "<group>"; };
		9D55B57A1C68EB0A00B34017 /* Burghers.jpg */ = {isa = PBXFileReference; lastKnownFileType = image.jpeg; path = Burghers.jpg; sourceTree = "<group>"; };
		9D55B57B1C68EB0A00B34017 /* Cactus.jpg */ = {isa = PBXFileReference; lastKnownFileType = image.jpeg; path = Cactus.jpg; sourceTree = "<group>"; };
		9D55B57C1C68EB0A00B34017 /* Cantor.jpg */ = {isa = PBXFileReference; lastKnownFileType = image.jpeg; path = Cantor.jpg; sourceTree = "<group>"; };
		9D55B57D1C68EB0A00B34017 /* Hoover.jpg */ = {isa = PBXFileReference; lastKnownFileType = image.jpeg; path = Hoover.jpg; sourceTree = "<group>"; };
		9D55B57E1C68EB0A00B34017 /* Mausoleum.jpg */ = {isa = PBXFileReference; lastKnownFileType = image.jpeg; path = Mausoleum.jpg; sourceTree = "<group>"; };
		9D55B57F1C68EB0A00B34017 /* Memorial.jpg */ = {isa = PBXFileReference; lastKnownFileType = image.jpeg; path = Memorial.jpg; sourceTree = "<group>"; };
		9D55B5801C68EB0A00B34017 /* Quad.JPG */ = {isa = PBXFileReference; lastKnownFileType = image.jpeg; path = Quad.JPG; sourceTree = "<group>"; };
		9D55B5811C68EB0A00B34017 /* Stadium.jpg */ = {isa = PBXFileReference; lastKnownFileType = image.jpeg; path = Stadium.jpg; sourceTree = "<group>"; };
		9D55B5821C68EB0A00B34017 /* Tresidder.jpg */ = {isa = PBXFileReference; lastKnownFileType = image.jpeg; path = Tresidder.jpg; sourceTree = "<group>"; };
		9D98EB371C6DA88D00E4673A /* CalendarElement.swift */ = {isa = PBXFileReference; fileEncoding = 4; lastKnownFileType = sourcecode.swift; path = CalendarElement.swift; sourceTree = "<group>"; };
		9DA4342F1C67E3DB0007256B /* HomescreenButton.swift */ = {isa = PBXFileReference; fileEncoding = 4; lastKnownFileType = sourcecode.swift; path = HomescreenButton.swift; sourceTree = "<group>"; };
		9DA434311C67F6630007256B /* homescreenBackground.mp4 */ = {isa = PBXFileReference; lastKnownFileType = file; path = homescreenBackground.mp4; sourceTree = "<group>"; };
		9DA434331C6821250007256B /* WebView.swift */ = {isa = PBXFileReference; fileEncoding = 4; lastKnownFileType = sourcecode.swift; path = WebView.swift; sourceTree = "<group>"; };
		9DB25D711C2B625100874227 /* EmergencyViewController.swift */ = {isa = PBXFileReference; fileEncoding = 4; lastKnownFileType = sourcecode.swift; path = EmergencyViewController.swift; sourceTree = "<group>"; };
		9DB25D741C2B680100874227 /* EmergencyViewCell.swift */ = {isa = PBXFileReference; fileEncoding = 4; lastKnownFileType = sourcecode.swift; path = EmergencyViewCell.swift; sourceTree = "<group>"; };
		9DBD981B1C6FC58E00E21627 /* Event.swift */ = {isa = PBXFileReference; fileEncoding = 4; lastKnownFileType = sourcecode.swift; path = Event.swift; sourceTree = "<group>"; };
		9DBD981D1C6FC5D900E21627 /* NewsStory.swift */ = {isa = PBXFileReference; fileEncoding = 4; lastKnownFileType = sourcecode.swift; path = NewsStory.swift; sourceTree = "<group>"; };
		9DBD98201C6FD1AE00E21627 /* Landmark.swift */ = {isa = PBXFileReference; fileEncoding = 4; lastKnownFileType = sourcecode.swift; path = Landmark.swift; sourceTree = "<group>"; };
		9DBD98221C6FD1C700E21627 /* TourLandmark.swift */ = {isa = PBXFileReference; fileEncoding = 4; lastKnownFileType = sourcecode.swift; path = TourLandmark.swift; sourceTree = "<group>"; };
		9DBD98241C6FD1E700E21627 /* Tour.swift */ = {isa = PBXFileReference; fileEncoding = 4; lastKnownFileType = sourcecode.swift; path = Tour.swift; sourceTree = "<group>"; };
		9DBD98261C6FD20200E21627 /* EmergencyContact.swift */ = {isa = PBXFileReference; fileEncoding = 4; lastKnownFileType = sourcecode.swift; path = EmergencyContact.swift; sourceTree = "<group>"; };
		9DBD98281C7016D300E21627 /* EventsViewController.swift */ = {isa = PBXFileReference; fileEncoding = 4; lastKnownFileType = sourcecode.swift; path = EventsViewController.swift; sourceTree = "<group>"; };
		9DBD982B1C702BAA00E21627 /* emblem.jpg */ = {isa = PBXFileReference; lastKnownFileType = image.jpeg; path = emblem.jpg; sourceTree = "<group>"; };
		9DBD982D1C71965D00E21627 /* shareOnFacebookIcon.png */ = {isa = PBXFileReference; lastKnownFileType = image.png; path = shareOnFacebookIcon.png; sourceTree = "<group>"; };
		9DBD98321C71987000E21627 /* shareOnTwitterIcon.png */ = {isa = PBXFileReference; lastKnownFileType = image.png; path = shareOnTwitterIcon.png; sourceTree = "<group>"; };
		9DBD98341C7199F400E21627 /* shareOnTwitterWhiteIcon.png */ = {isa = PBXFileReference; lastKnownFileType = image.png; path = shareOnTwitterWhiteIcon.png; sourceTree = "<group>"; };
		9DBD98361C7199FE00E21627 /* shareOnFacebookWhiteIcon.png */ = {isa = PBXFileReference; lastKnownFileType = image.png; path = shareOnFacebookWhiteIcon.png; sourceTree = "<group>"; };
		9DBD98381C73CA0500E21627 /* DirectoryEntry.swift */ = {isa = PBXFileReference; fileEncoding = 4; lastKnownFileType = sourcecode.swift; path = DirectoryEntry.swift; sourceTree = "<group>"; };
		9DBD983A1C73CE2400E21627 /* SchoolDirectory.swift */ = {isa = PBXFileReference; fileEncoding = 4; lastKnownFileType = sourcecode.swift; path = SchoolDirectory.swift; sourceTree = "<group>"; };
		9DBD983F1C73DAC900E21627 /* DirectoryViewCell.swift */ = {isa = PBXFileReference; fileEncoding = 4; lastKnownFileType = sourcecode.swift; path = DirectoryViewCell.swift; sourceTree = "<group>"; };
		9DBD98411C73E5FB00E21627 /* DirectoryViewDetailController.swift */ = {isa = PBXFileReference; fileEncoding = 4; lastKnownFileType = sourcecode.swift; path = DirectoryViewDetailController.swift; sourceTree = "<group>"; };
		9DCB66231C251B2A0083586E /* CollegeApp.app */ = {isa = PBXFileReference; explicitFileType = wrapper.application; includeInIndex = 0; path = CollegeApp.app; sourceTree = BUILT_PRODUCTS_DIR; };
		9DCB66371C251B2A0083586E /* CollegeAppTests.xctest */ = {isa = PBXFileReference; explicitFileType = wrapper.cfbundle; includeInIndex = 0; path = CollegeAppTests.xctest; sourceTree = BUILT_PRODUCTS_DIR; };
		9DCB663B1C251B2A0083586E /* CollegeAppTests.swift */ = {isa = PBXFileReference; lastKnownFileType = sourcecode.swift; path = CollegeAppTests.swift; sourceTree = "<group>"; };
		9DCB663D1C251B2A0083586E /* Info.plist */ = {isa = PBXFileReference; lastKnownFileType = text.plist.xml; path = Info.plist; sourceTree = "<group>"; };
		9DCB66421C251B2A0083586E /* CollegeAppUITests.xctest */ = {isa = PBXFileReference; explicitFileType = wrapper.cfbundle; includeInIndex = 0; path = CollegeAppUITests.xctest; sourceTree = BUILT_PRODUCTS_DIR; };
		9DCB66461C251B2A0083586E /* CollegeAppUITests.swift */ = {isa = PBXFileReference; lastKnownFileType = sourcecode.swift; path = CollegeAppUITests.swift; sourceTree = "<group>"; };
		9DCB66481C251B2A0083586E /* Info.plist */ = {isa = PBXFileReference; lastKnownFileType = text.plist.xml; path = Info.plist; sourceTree = "<group>"; };
		9DCB66541C251B510083586E /* AppDelegate.swift */ = {isa = PBXFileReference; fileEncoding = 4; lastKnownFileType = sourcecode.swift; path = AppDelegate.swift; sourceTree = "<group>"; };
		9DCB66551C251B510083586E /* Info.plist */ = {isa = PBXFileReference; fileEncoding = 4; lastKnownFileType = text.plist.xml; path = Info.plist; sourceTree = "<group>"; };
		9DCB66561C251B510083586E /* MapController.swift */ = {isa = PBXFileReference; fileEncoding = 4; lastKnownFileType = sourcecode.swift; path = MapController.swift; sourceTree = "<group>"; };
		9DCB66571C251B510083586E /* MapSearchResultsView.swift */ = {isa = PBXFileReference; fileEncoding = 4; lastKnownFileType = sourcecode.swift; path = MapSearchResultsView.swift; sourceTree = "<group>"; };
		9DCB66581C251B510083586E /* QRDetailController.swift */ = {isa = PBXFileReference; fileEncoding = 4; lastKnownFileType = sourcecode.swift; path = QRDetailController.swift; sourceTree = "<group>"; };
		9DCB66591C251B510083586E /* QRViewController.swift */ = {isa = PBXFileReference; fileEncoding = 4; lastKnownFileType = sourcecode.swift; path = QRViewController.swift; sourceTree = "<group>"; };
		9DCB66601C251B600083586E /* Main.storyboard */ = {isa = PBXFileReference; fileEncoding = 4; lastKnownFileType = file.storyboard; path = Main.storyboard; sourceTree = "<group>"; };
		9DCB66611C251B600083586E /* Assets.xcassets */ = {isa = PBXFileReference; lastKnownFileType = folder.assetcatalog; path = Assets.xcassets; sourceTree = "<group>"; };
		9DCB66621C251B600083586E /* LaunchScreen.storyboard */ = {isa = PBXFileReference; fileEncoding = 4; lastKnownFileType = file.storyboard; path = LaunchScreen.storyboard; sourceTree = "<group>"; };
		9DCB66661C2547AC0083586E /* NewsViewController.swift */ = {isa = PBXFileReference; fileEncoding = 4; lastKnownFileType = sourcecode.swift; path = NewsViewController.swift; sourceTree = "<group>"; };
		9DD255871C6BA93E00CBBD60 /* MessageViewController.swift */ = {isa = PBXFileReference; fileEncoding = 4; lastKnownFileType = sourcecode.swift; path = MessageViewController.swift; sourceTree = "<group>"; };
		9DD6A1E71C4D7FCB0025FE44 /* TourViewController.swift */ = {isa = PBXFileReference; fileEncoding = 4; lastKnownFileType = sourcecode.swift; path = TourViewController.swift; sourceTree = "<group>"; };
		9DE70D431C6CF61A0056850D /* MessageGroupSelectorViewController.swift */ = {isa = PBXFileReference; fileEncoding = 4; lastKnownFileType = sourcecode.swift; path = MessageGroupSelectorViewController.swift; sourceTree = "<group>"; };
		9DE70D461C6CFE990056850D /* MessageSelectorCell.swift */ = {isa = PBXFileReference; fileEncoding = 4; lastKnownFileType = sourcecode.swift; path = MessageSelectorCell.swift; sourceTree = "<group>"; };
		9DF3166F1C5286E900D51CB3 /* TourViewDetailController.swift */ = {isa = PBXFileReference; fileEncoding = 4; lastKnownFileType = sourcecode.swift; path = TourViewDetailController.swift; sourceTree = "<group>"; };
/* End PBXFileReference section */

/* Begin PBXFrameworksBuildPhase section */
		9DCB66201C251B2A0083586E /* Frameworks */ = {
			isa = PBXFrameworksBuildPhase;
			buildActionMask = 2147483647;
			files = (
			);
			runOnlyForDeploymentPostprocessing = 0;
		};
		9DCB66341C251B2A0083586E /* Frameworks */ = {
			isa = PBXFrameworksBuildPhase;
			buildActionMask = 2147483647;
			files = (
			);
			runOnlyForDeploymentPostprocessing = 0;
		};
		9DCB663F1C251B2A0083586E /* Frameworks */ = {
			isa = PBXFrameworksBuildPhase;
			buildActionMask = 2147483647;
			files = (
			);
			runOnlyForDeploymentPostprocessing = 0;
		};
/* End PBXFrameworksBuildPhase section */

/* Begin PBXGroup section */
		284551B31C33CDA8003AF5E3 /* EventsView */ = {
			isa = PBXGroup;
			children = (
				9DBD98281C7016D300E21627 /* EventsViewController.swift */,
				284551B61C38F00F003AF5E3 /* EventsViewCell.swift */,
			);
			name = EventsView;
			sourceTree = "<group>";
		};
		9D209DAD1C668ADE00AA8C50 /* TourImages */ = {
			isa = PBXGroup;
			children = (
				9D55B5781C68EB0A00B34017 /* Angel.jpg */,
				9D55B5791C68EB0A00B34017 /* Barn.jpg */,
				9D55B57A1C68EB0A00B34017 /* Burghers.jpg */,
				9D55B57B1C68EB0A00B34017 /* Cactus.jpg */,
				9D55B57C1C68EB0A00B34017 /* Cantor.jpg */,
				9D55B57D1C68EB0A00B34017 /* Hoover.jpg */,
				9D55B57E1C68EB0A00B34017 /* Mausoleum.jpg */,
				9D55B57F1C68EB0A00B34017 /* Memorial.jpg */,
				9D55B5801C68EB0A00B34017 /* Quad.JPG */,
				9D55B5811C68EB0A00B34017 /* Stadium.jpg */,
				9D55B5821C68EB0A00B34017 /* Tresidder.jpg */,
			);
			name = TourImages;
			sourceTree = "<group>";
		};
		9D34396C1C7EAF21008A4D73 /* HomescreenIcons */ = {
			isa = PBXGroup;
			children = (
				9D3439561C7EAF1A008A4D73 /* Calendar-96.png */,
				9D3439571C7EAF1A008A4D73 /* Chat-96.png */,
				9D3439581C7EAF1A008A4D73 /* Contacts-96.png */,
				9D3439591C7EAF1A008A4D73 /* Error-96.png */,
				9D34395A1C7EAF1A008A4D73 /* High Priority-96.png */,
				9D34395B1C7EAF1A008A4D73 /* Map-96.png */,
				9D34395C1C7EAF1A008A4D73 /* News-96.png */,
				9D34395D1C7EAF1A008A4D73 /* QR Code-96.png */,
				9D34395E1C7EAF1A008A4D73 /* Tourist-96.png */,
				9D34395F1C7EAF1A008A4D73 /* University-96.png */,
				9D3439601C7EAF1A008A4D73 /* Walking-96.png */,
			);
			name = HomescreenIcons;
			sourceTree = "<group>";
		};
		9DB25D731C2B625E00874227 /* EmergencyView */ = {
			isa = PBXGroup;
			children = (
				9DB25D711C2B625100874227 /* EmergencyViewController.swift */,
				9DB25D741C2B680100874227 /* EmergencyViewCell.swift */,
			);
			name = EmergencyView;
			sourceTree = "<group>";
		};
		9DB25D761C2BB60400874227 /* SchoolAssets */ = {
			isa = PBXGroup;
			children = (
				9D00A5A41C44F42000C0DF6D /* School.swift */,
				9D45EA761C5FE31600FA54F2 /* SchoolEmergencies.swift */,
				9D4794D21C55462400F2261B /* SchoolEvents.swift */,
				9D4794D41C55743400F2261B /* SchoolNews.swift */,
				9D4794D01C55450A00F2261B /* SchoolLandmarks.swift */,
				9D4794D61C558B1700F2261B /* SchoolTours.swift */,
				9DBD983A1C73CE2400E21627 /* SchoolDirectory.swift */,
				9D3938971C750CE20043BE7F /* DirectoryEntries.xml */,
				9DBD982B1C702BAA00E21627 /* emblem.jpg */,
				9DA434311C67F6630007256B /* homescreenBackground.mp4 */,
				9D209DAD1C668ADE00AA8C50 /* TourImages */,
			);
			name = SchoolAssets;
			sourceTree = "<group>";
		};
		9DBD981F1C6FD19300E21627 /* Types */ = {
			isa = PBXGroup;
			children = (
				9DBD981B1C6FC58E00E21627 /* Event.swift */,
				9DBD981D1C6FC5D900E21627 /* NewsStory.swift */,
				9DBD98201C6FD1AE00E21627 /* Landmark.swift */,
				9DBD98221C6FD1C700E21627 /* TourLandmark.swift */,
				9DBD98241C6FD1E700E21627 /* Tour.swift */,
				9DBD98261C6FD20200E21627 /* EmergencyContact.swift */,
				9DBD98381C73CA0500E21627 /* DirectoryEntry.swift */,
			);
			name = Types;
			sourceTree = "<group>";
		};
		9DBD983E1C73DA6500E21627 /* DirectoryView */ = {
			isa = PBXGroup;
			children = (
				9D3938951C75097F0043BE7F /* DirectoryViewController.swift */,
				9DBD983F1C73DAC900E21627 /* DirectoryViewCell.swift */,
				9DBD98411C73E5FB00E21627 /* DirectoryViewDetailController.swift */,
				9D3938991C76F5E60043BE7F /* DirectoryViewDetailCell.swift */,
			);
			name = DirectoryView;
			sourceTree = "<group>";
		};
		9DCB661A1C251B2A0083586E = {
			isa = PBXGroup;
			children = (
				9DCB66251C251B2A0083586E /* CollegeApp */,
				9DCB663A1C251B2A0083586E /* CollegeAppTests */,
				9DCB66451C251B2A0083586E /* CollegeAppUITests */,
				9DCB66241C251B2A0083586E /* Products */,
			);
			sourceTree = "<group>";
		};
		9DCB66241C251B2A0083586E /* Products */ = {
			isa = PBXGroup;
			children = (
				9DCB66231C251B2A0083586E /* CollegeApp.app */,
				9DCB66371C251B2A0083586E /* CollegeAppTests.xctest */,
				9DCB66421C251B2A0083586E /* CollegeAppUITests.xctest */,
			);
			name = Products;
			sourceTree = "<group>";
		};
		9DCB66251C251B2A0083586E /* CollegeApp */ = {
			isa = PBXGroup;
			children = (
				9DCB66541C251B510083586E /* AppDelegate.swift */,
				284551B81C39F3EC003AF5E3 /* XMLElement.swift */,
				9D98EB371C6DA88D00E4673A /* CalendarElement.swift */,
				9D209DA91C653F5200AA8C50 /* HomescreenViewController.swift */,
				9DA4342F1C67E3DB0007256B /* HomescreenButton.swift */,
				9DA434331C6821250007256B /* WebView.swift */,
				9DBD981F1C6FD19300E21627 /* Types */,
				9DCB66681C2548170083586E /* MapView */,
				9DCB66691C25481F0083586E /* QRCodeView */,
				9DCB666A1C2548280083586E /* NewsView */,
				284551B31C33CDA8003AF5E3 /* EventsView */,
				9DB25D731C2B625E00874227 /* EmergencyView */,
				9DBD983E1C73DA6500E21627 /* DirectoryView */,
				9DD6A1E91C4D7FD40025FE44 /* TourView */,
				9DE70D451C6CF6830056850D /* MessagesView */,
				9DB25D761C2BB60400874227 /* SchoolAssets */,
				9DCB66601C251B600083586E /* Main.storyboard */,
				9DCB66621C251B600083586E /* LaunchScreen.storyboard */,
				9D34396C1C7EAF21008A4D73 /* HomescreenIcons */,
				9DCB66611C251B600083586E /* Assets.xcassets */,
				9DCB66551C251B510083586E /* Info.plist */,
				9DBD982D1C71965D00E21627 /* shareOnFacebookIcon.png */,
				9DBD98361C7199FE00E21627 /* shareOnFacebookWhiteIcon.png */,
				9DBD98321C71987000E21627 /* shareOnTwitterIcon.png */,
				9DBD98341C7199F400E21627 /* shareOnTwitterWhiteIcon.png */,
			);
			path = CollegeApp;
			sourceTree = "<group>";
		};
		9DCB663A1C251B2A0083586E /* CollegeAppTests */ = {
			isa = PBXGroup;
			children = (
				9DCB663B1C251B2A0083586E /* CollegeAppTests.swift */,
				9DCB663D1C251B2A0083586E /* Info.plist */,
			);
			path = CollegeAppTests;
			sourceTree = "<group>";
		};
		9DCB66451C251B2A0083586E /* CollegeAppUITests */ = {
			isa = PBXGroup;
			children = (
				9DCB66461C251B2A0083586E /* CollegeAppUITests.swift */,
				9DCB66481C251B2A0083586E /* Info.plist */,
			);
			path = CollegeAppUITests;
			sourceTree = "<group>";
		};
		9DCB66681C2548170083586E /* MapView */ = {
			isa = PBXGroup;
			children = (
				9DCB66561C251B510083586E /* MapController.swift */,
				9DCB66571C251B510083586E /* MapSearchResultsView.swift */,
			);
			name = MapView;
			sourceTree = "<group>";
		};
		9DCB66691C25481F0083586E /* QRCodeView */ = {
			isa = PBXGroup;
			children = (
				9DCB66591C251B510083586E /* QRViewController.swift */,
				9DCB66581C251B510083586E /* QRDetailController.swift */,
			);
			name = QRCodeView;
			sourceTree = "<group>";
		};
		9DCB666A1C2548280083586E /* NewsView */ = {
			isa = PBXGroup;
			children = (
				9DCB66661C2547AC0083586E /* NewsViewController.swift */,
				9D4E8BD81C27335F00960097 /* NewsViewCell.swift */,
			);
			name = NewsView;
			sourceTree = "<group>";
		};
		9DD6A1E91C4D7FD40025FE44 /* TourView */ = {
			isa = PBXGroup;
			children = (
				9DD6A1E71C4D7FCB0025FE44 /* TourViewController.swift */,
				9DF3166F1C5286E900D51CB3 /* TourViewDetailController.swift */,
			);
			name = TourView;
			sourceTree = "<group>";
		};
		9DE70D451C6CF6830056850D /* MessagesView */ = {
			isa = PBXGroup;
			children = (
				9DE70D431C6CF61A0056850D /* MessageGroupSelectorViewController.swift */,
				9DE70D461C6CFE990056850D /* MessageSelectorCell.swift */,
				9DD255871C6BA93E00CBBD60 /* MessageViewController.swift */,
				9D01FA651C78538F00D2A68F /* MessageViewCell.swift */,
			);
			name = MessagesView;
			sourceTree = "<group>";
		};
/* End PBXGroup section */

/* Begin PBXNativeTarget section */
		9DCB66221C251B2A0083586E /* CollegeApp */ = {
			isa = PBXNativeTarget;
			buildConfigurationList = 9DCB664B1C251B2A0083586E /* Build configuration list for PBXNativeTarget "CollegeApp" */;
			buildPhases = (
				9DCB661F1C251B2A0083586E /* Sources */,
				9DCB66201C251B2A0083586E /* Frameworks */,
				9DCB66211C251B2A0083586E /* Resources */,
			);
			buildRules = (
			);
			dependencies = (
			);
			name = CollegeApp;
			productName = CollegeApp;
			productReference = 9DCB66231C251B2A0083586E /* CollegeApp.app */;
			productType = "com.apple.product-type.application";
		};
		9DCB66361C251B2A0083586E /* CollegeAppTests */ = {
			isa = PBXNativeTarget;
			buildConfigurationList = 9DCB664E1C251B2A0083586E /* Build configuration list for PBXNativeTarget "CollegeAppTests" */;
			buildPhases = (
				9DCB66331C251B2A0083586E /* Sources */,
				9DCB66341C251B2A0083586E /* Frameworks */,
				9DCB66351C251B2A0083586E /* Resources */,
			);
			buildRules = (
			);
			dependencies = (
				9DCB66391C251B2A0083586E /* PBXTargetDependency */,
			);
			name = CollegeAppTests;
			productName = CollegeAppTests;
			productReference = 9DCB66371C251B2A0083586E /* CollegeAppTests.xctest */;
			productType = "com.apple.product-type.bundle.unit-test";
		};
		9DCB66411C251B2A0083586E /* CollegeAppUITests */ = {
			isa = PBXNativeTarget;
			buildConfigurationList = 9DCB66511C251B2A0083586E /* Build configuration list for PBXNativeTarget "CollegeAppUITests" */;
			buildPhases = (
				9DCB663E1C251B2A0083586E /* Sources */,
				9DCB663F1C251B2A0083586E /* Frameworks */,
				9DCB66401C251B2A0083586E /* Resources */,
			);
			buildRules = (
			);
			dependencies = (
				9DCB66441C251B2A0083586E /* PBXTargetDependency */,
			);
			name = CollegeAppUITests;
			productName = CollegeAppUITests;
			productReference = 9DCB66421C251B2A0083586E /* CollegeAppUITests.xctest */;
			productType = "com.apple.product-type.bundle.ui-testing";
		};
/* End PBXNativeTarget section */

/* Begin PBXProject section */
		9DCB661B1C251B2A0083586E /* Project object */ = {
			isa = PBXProject;
			attributes = {
				LastSwiftUpdateCheck = 0720;
				LastUpgradeCheck = 0720;
				ORGANIZATIONNAME = "Zalto Technologies";
				TargetAttributes = {
					9DCB66221C251B2A0083586E = {
						CreatedOnToolsVersion = 7.2;
						DevelopmentTeam = N8R28JS852;
					};
					9DCB66361C251B2A0083586E = {
						CreatedOnToolsVersion = 7.2;
						TestTargetID = 9DCB66221C251B2A0083586E;
					};
					9DCB66411C251B2A0083586E = {
						CreatedOnToolsVersion = 7.2;
						TestTargetID = 9DCB66221C251B2A0083586E;
					};
				};
			};
			buildConfigurationList = 9DCB661E1C251B2A0083586E /* Build configuration list for PBXProject "CollegeApp" */;
			compatibilityVersion = "Xcode 3.2";
			developmentRegion = English;
			hasScannedForEncodings = 0;
			knownRegions = (
				en,
				Base,
			);
			mainGroup = 9DCB661A1C251B2A0083586E;
			productRefGroup = 9DCB66241C251B2A0083586E /* Products */;
			projectDirPath = "";
			projectRoot = "";
			targets = (
				9DCB66221C251B2A0083586E /* CollegeApp */,
				9DCB66361C251B2A0083586E /* CollegeAppTests */,
				9DCB66411C251B2A0083586E /* CollegeAppUITests */,
			);
		};
/* End PBXProject section */

/* Begin PBXResourcesBuildPhase section */
		9DCB66211C251B2A0083586E /* Resources */ = {
			isa = PBXResourcesBuildPhase;
			buildActionMask = 2147483647;
			files = (
				9DBD982C1C702BAA00E21627 /* emblem.jpg in Resources */,
				9D55B58C1C68EB0A00B34017 /* Stadium.jpg in Resources */,
				9D55B58B1C68EB0A00B34017 /* Quad.JPG in Resources */,
				9D3439691C7EAF1A008A4D73 /* Tourist-96.png in Resources */,
				9D3439661C7EAF1A008A4D73 /* Map-96.png in Resources */,
				9D55B58D1C68EB0A00B34017 /* Tresidder.jpg in Resources */,
				9DBD98351C7199F400E21627 /* shareOnTwitterWhiteIcon.png in Resources */,
				9D3439621C7EAF1A008A4D73 /* Chat-96.png in Resources */,
				9D55B5891C68EB0A00B34017 /* Mausoleum.jpg in Resources */,
				9D3938981C750CE20043BE7F /* DirectoryEntries.xml in Resources */,
				9D34396B1C7EAF1A008A4D73 /* Walking-96.png in Resources */,
				9DCB66651C251B600083586E /* LaunchScreen.storyboard in Resources */,
				9DBD98371C7199FE00E21627 /* shareOnFacebookWhiteIcon.png in Resources */,
				9D3439641C7EAF1A008A4D73 /* Error-96.png in Resources */,
				9D55B5861C68EB0A00B34017 /* Cactus.jpg in Resources */,
				9D55B5871C68EB0A00B34017 /* Cantor.jpg in Resources */,
				9DBD982E1C71965D00E21627 /* shareOnFacebookIcon.png in Resources */,
				9D34396A1C7EAF1A008A4D73 /* University-96.png in Resources */,
				9D3439631C7EAF1A008A4D73 /* Contacts-96.png in Resources */,
				9D3439611C7EAF1A008A4D73 /* Calendar-96.png in Resources */,
				9D55B5841C68EB0A00B34017 /* Barn.jpg in Resources */,
				9D3439651C7EAF1A008A4D73 /* High Priority-96.png in Resources */,
				9DA434321C67F6980007256B /* homescreenBackground.mp4 in Resources */,
				9D55B58A1C68EB0A00B34017 /* Memorial.jpg in Resources */,
				9DCB66641C251B600083586E /* Assets.xcassets in Resources */,
				9D55B5831C68EB0A00B34017 /* Angel.jpg in Resources */,
				9D55B5851C68EB0A00B34017 /* Burghers.jpg in Resources */,
				9D3439681C7EAF1A008A4D73 /* QR Code-96.png in Resources */,
				9DCB66631C251B600083586E /* Main.storyboard in Resources */,
				9D55B5881C68EB0A00B34017 /* Hoover.jpg in Resources */,
				9DBD98331C71987000E21627 /* shareOnTwitterIcon.png in Resources */,
				9D3439671C7EAF1A008A4D73 /* News-96.png in Resources */,
			);
			runOnlyForDeploymentPostprocessing = 0;
		};
		9DCB66351C251B2A0083586E /* Resources */ = {
			isa = PBXResourcesBuildPhase;
			buildActionMask = 2147483647;
			files = (
			);
			runOnlyForDeploymentPostprocessing = 0;
		};
		9DCB66401C251B2A0083586E /* Resources */ = {
			isa = PBXResourcesBuildPhase;
			buildActionMask = 2147483647;
			files = (
			);
			runOnlyForDeploymentPostprocessing = 0;
		};
/* End PBXResourcesBuildPhase section */

/* Begin PBXSourcesBuildPhase section */
		9DCB661F1C251B2A0083586E /* Sources */ = {
			isa = PBXSourcesBuildPhase;
			buildActionMask = 2147483647;
			files = (
				9DBD98391C73CA0500E21627 /* DirectoryEntry.swift in Sources */,
				9DBD983B1C73CE2400E21627 /* SchoolDirectory.swift in Sources */,
				9D209DAA1C653F5200AA8C50 /* HomescreenViewController.swift in Sources */,
				9DE70D441C6CF61A0056850D /* MessageGroupSelectorViewController.swift in Sources */,
				9DBD981E1C6FC5D900E21627 /* NewsStory.swift in Sources */,
				9D4794D51C55743400F2261B /* SchoolNews.swift in Sources */,
				9D01FA661C78538F00D2A68F /* MessageViewCell.swift in Sources */,
				9DCB665C1C251B510083586E /* MapController.swift in Sources */,
				9DBD981C1C6FC58E00E21627 /* Event.swift in Sources */,
				9D4794D11C55450A00F2261B /* SchoolLandmarks.swift in Sources */,
				9DA434301C67E3DB0007256B /* HomescreenButton.swift in Sources */,
				9D4794D71C558B1700F2261B /* SchoolTours.swift in Sources */,
				9D39389A1C76F5E60043BE7F /* DirectoryViewDetailCell.swift in Sources */,
				9DBD98291C7016D300E21627 /* EventsViewController.swift in Sources */,
				9DCB665F1C251B510083586E /* QRViewController.swift in Sources */,
				9DB25D751C2B680100874227 /* EmergencyViewCell.swift in Sources */,
				9DA434341C6821250007256B /* WebView.swift in Sources */,
				9DBD98251C6FD1E700E21627 /* Tour.swift in Sources */,
				9DCB665E1C251B510083586E /* QRDetailController.swift in Sources */,
				9DF316701C5286E900D51CB3 /* TourViewDetailController.swift in Sources */,
				9DCB66671C2547AC0083586E /* NewsViewController.swift in Sources */,
				9DD255881C6BA93E00CBBD60 /* MessageViewController.swift in Sources */,
				284551B91C39F3EC003AF5E3 /* XMLElement.swift in Sources */,
				9DBD98271C6FD20200E21627 /* EmergencyContact.swift in Sources */,
				9DBD98211C6FD1AE00E21627 /* Landmark.swift in Sources */,
				9D4E8BD91C27335F00960097 /* NewsViewCell.swift in Sources */,
				9DE70D471C6CFE990056850D /* MessageSelectorCell.swift in Sources */,
				9D00A5A51C44F42100C0DF6D /* School.swift in Sources */,
				9DCB665A1C251B510083586E /* AppDelegate.swift in Sources */,
				9D3938961C75097F0043BE7F /* DirectoryViewController.swift in Sources */,
				9DBD98401C73DAC900E21627 /* DirectoryViewCell.swift in Sources */,
				9DBD98421C73E5FB00E21627 /* DirectoryViewDetailController.swift in Sources */,
				9DD6A1E81C4D7FCB0025FE44 /* TourViewController.swift in Sources */,
				9D45EA771C5FE31600FA54F2 /* SchoolEmergencies.swift in Sources */,
				9DB25D721C2B625100874227 /* EmergencyViewController.swift in Sources */,
				9DBD98231C6FD1C700E21627 /* TourLandmark.swift in Sources */,
				9DCB665D1C251B510083586E /* MapSearchResultsView.swift in Sources */,
				284551B71C38F00F003AF5E3 /* EventsViewCell.swift in Sources */,
				9D98EB381C6DA88D00E4673A /* CalendarElement.swift in Sources */,
				9D4794D31C55462400F2261B /* SchoolEvents.swift in Sources */,
			);
			runOnlyForDeploymentPostprocessing = 0;
		};
		9DCB66331C251B2A0083586E /* Sources */ = {
			isa = PBXSourcesBuildPhase;
			buildActionMask = 2147483647;
			files = (
				9DCB663C1C251B2A0083586E /* CollegeAppTests.swift in Sources */,
			);
			runOnlyForDeploymentPostprocessing = 0;
		};
		9DCB663E1C251B2A0083586E /* Sources */ = {
			isa = PBXSourcesBuildPhase;
			buildActionMask = 2147483647;
			files = (
				9DCB66471C251B2A0083586E /* CollegeAppUITests.swift in Sources */,
			);
			runOnlyForDeploymentPostprocessing = 0;
		};
/* End PBXSourcesBuildPhase section */

/* Begin PBXTargetDependency section */
		9DCB66391C251B2A0083586E /* PBXTargetDependency */ = {
			isa = PBXTargetDependency;
			target = 9DCB66221C251B2A0083586E /* CollegeApp */;
			targetProxy = 9DCB66381C251B2A0083586E /* PBXContainerItemProxy */;
		};
		9DCB66441C251B2A0083586E /* PBXTargetDependency */ = {
			isa = PBXTargetDependency;
			target = 9DCB66221C251B2A0083586E /* CollegeApp */;
			targetProxy = 9DCB66431C251B2A0083586E /* PBXContainerItemProxy */;
		};
/* End PBXTargetDependency section */

/* Begin XCBuildConfiguration section */
		9DCB66491C251B2A0083586E /* Debug */ = {
			isa = XCBuildConfiguration;
			buildSettings = {
				ALWAYS_SEARCH_USER_PATHS = NO;
				CLANG_CXX_LANGUAGE_STANDARD = "gnu++0x";
				CLANG_CXX_LIBRARY = "libc++";
				CLANG_ENABLE_MODULES = YES;
				CLANG_ENABLE_OBJC_ARC = YES;
				CLANG_WARN_BOOL_CONVERSION = YES;
				CLANG_WARN_CONSTANT_CONVERSION = YES;
				CLANG_WARN_DIRECT_OBJC_ISA_USAGE = YES_ERROR;
				CLANG_WARN_EMPTY_BODY = YES;
				CLANG_WARN_ENUM_CONVERSION = YES;
				CLANG_WARN_INT_CONVERSION = YES;
				CLANG_WARN_OBJC_ROOT_CLASS = YES_ERROR;
				CLANG_WARN_UNREACHABLE_CODE = YES;
				CLANG_WARN__DUPLICATE_METHOD_MATCH = YES;
				"CODE_SIGN_IDENTITY[sdk=iphoneos*]" = "iPhone Developer";
				COPY_PHASE_STRIP = NO;
				DEBUG_INFORMATION_FORMAT = dwarf;
				ENABLE_STRICT_OBJC_MSGSEND = YES;
				ENABLE_TESTABILITY = YES;
				GCC_C_LANGUAGE_STANDARD = gnu99;
				GCC_DYNAMIC_NO_PIC = NO;
				GCC_NO_COMMON_BLOCKS = YES;
				GCC_OPTIMIZATION_LEVEL = 0;
				GCC_PREPROCESSOR_DEFINITIONS = (
					"DEBUG=1",
					"$(inherited)",
				);
				GCC_WARN_64_TO_32_BIT_CONVERSION = YES;
				GCC_WARN_ABOUT_RETURN_TYPE = YES_ERROR;
				GCC_WARN_UNDECLARED_SELECTOR = YES;
				GCC_WARN_UNINITIALIZED_AUTOS = YES_AGGRESSIVE;
				GCC_WARN_UNUSED_FUNCTION = YES;
				GCC_WARN_UNUSED_VARIABLE = YES;
				IPHONEOS_DEPLOYMENT_TARGET = 9.2;
				MTL_ENABLE_DEBUG_INFO = YES;
				ONLY_ACTIVE_ARCH = YES;
				SDKROOT = iphoneos;
				SWIFT_OPTIMIZATION_LEVEL = "-Onone";
			};
			name = Debug;
		};
		9DCB664A1C251B2A0083586E /* Release */ = {
			isa = XCBuildConfiguration;
			buildSettings = {
				ALWAYS_SEARCH_USER_PATHS = NO;
				CLANG_CXX_LANGUAGE_STANDARD = "gnu++0x";
				CLANG_CXX_LIBRARY = "libc++";
				CLANG_ENABLE_MODULES = YES;
				CLANG_ENABLE_OBJC_ARC = YES;
				CLANG_WARN_BOOL_CONVERSION = YES;
				CLANG_WARN_CONSTANT_CONVERSION = YES;
				CLANG_WARN_DIRECT_OBJC_ISA_USAGE = YES_ERROR;
				CLANG_WARN_EMPTY_BODY = YES;
				CLANG_WARN_ENUM_CONVERSION = YES;
				CLANG_WARN_INT_CONVERSION = YES;
				CLANG_WARN_OBJC_ROOT_CLASS = YES_ERROR;
				CLANG_WARN_UNREACHABLE_CODE = YES;
				CLANG_WARN__DUPLICATE_METHOD_MATCH = YES;
				"CODE_SIGN_IDENTITY[sdk=iphoneos*]" = "iPhone Developer";
				COPY_PHASE_STRIP = NO;
				DEBUG_INFORMATION_FORMAT = "dwarf-with-dsym";
				ENABLE_NS_ASSERTIONS = NO;
				ENABLE_STRICT_OBJC_MSGSEND = YES;
				GCC_C_LANGUAGE_STANDARD = gnu99;
				GCC_NO_COMMON_BLOCKS = YES;
				GCC_WARN_64_TO_32_BIT_CONVERSION = YES;
				GCC_WARN_ABOUT_RETURN_TYPE = YES_ERROR;
				GCC_WARN_UNDECLARED_SELECTOR = YES;
				GCC_WARN_UNINITIALIZED_AUTOS = YES_AGGRESSIVE;
				GCC_WARN_UNUSED_FUNCTION = YES;
				GCC_WARN_UNUSED_VARIABLE = YES;
				IPHONEOS_DEPLOYMENT_TARGET = 9.2;
				MTL_ENABLE_DEBUG_INFO = NO;
				SDKROOT = iphoneos;
				VALIDATE_PRODUCT = YES;
			};
			name = Release;
		};
		9DCB664C1C251B2A0083586E /* Debug */ = {
			isa = XCBuildConfiguration;
			buildSettings = {
				ASSETCATALOG_COMPILER_APPICON_NAME = AppIcon;
				CLANG_ENABLE_MODULES = YES;
				CODE_SIGN_IDENTITY = "iPhone Developer";
				"CODE_SIGN_IDENTITY[sdk=iphoneos*]" = "iPhone Developer";
				FRAMEWORK_SEARCH_PATHS = (
					"$(inherited)",
					"$(PROJECT_DIR)",
				);
				INFOPLIST_FILE = CollegeApp/Info.plist;
				LD_RUNPATH_SEARCH_PATHS = "$(inherited) @executable_path/Frameworks";
				PRODUCT_BUNDLE_IDENTIFIER = com.kincola.collegeapp;
				PRODUCT_NAME = "$(TARGET_NAME)";
				PROVISIONING_PROFILE = "";
				SWIFT_OPTIMIZATION_LEVEL = "-Onone";
				TARGETED_DEVICE_FAMILY = 1;
			};
			name = Debug;
		};
		9DCB664D1C251B2A0083586E /* Release */ = {
			isa = XCBuildConfiguration;
			buildSettings = {
				ASSETCATALOG_COMPILER_APPICON_NAME = AppIcon;
				CLANG_ENABLE_MODULES = YES;
				CODE_SIGN_IDENTITY = "iPhone Developer";
				"CODE_SIGN_IDENTITY[sdk=iphoneos*]" = "iPhone Developer";
				FRAMEWORK_SEARCH_PATHS = (
					"$(inherited)",
					"$(PROJECT_DIR)",
				);
				INFOPLIST_FILE = CollegeApp/Info.plist;
				LD_RUNPATH_SEARCH_PATHS = "$(inherited) @executable_path/Frameworks";
				PRODUCT_BUNDLE_IDENTIFIER = com.kincola.collegeapp;
				PRODUCT_NAME = "$(TARGET_NAME)";
				PROVISIONING_PROFILE = "";
				TARGETED_DEVICE_FAMILY = 1;
			};
			name = Release;
		};
		9DCB664F1C251B2A0083586E /* Debug */ = {
			isa = XCBuildConfiguration;
			buildSettings = {
				BUNDLE_LOADER = "$(TEST_HOST)";
				INFOPLIST_FILE = CollegeAppTests/Info.plist;
				LD_RUNPATH_SEARCH_PATHS = "$(inherited) @executable_path/Frameworks @loader_path/Frameworks";
				PRODUCT_BUNDLE_IDENTIFIER = zaltotech.CollegeAppTests;
				PRODUCT_NAME = "$(TARGET_NAME)";
				TEST_HOST = "$(BUILT_PRODUCTS_DIR)/CollegeApp.app/CollegeApp";
			};
			name = Debug;
		};
		9DCB66501C251B2A0083586E /* Release */ = {
			isa = XCBuildConfiguration;
			buildSettings = {
				BUNDLE_LOADER = "$(TEST_HOST)";
				INFOPLIST_FILE = CollegeAppTests/Info.plist;
				LD_RUNPATH_SEARCH_PATHS = "$(inherited) @executable_path/Frameworks @loader_path/Frameworks";
				PRODUCT_BUNDLE_IDENTIFIER = zaltotech.CollegeAppTests;
				PRODUCT_NAME = "$(TARGET_NAME)";
				TEST_HOST = "$(BUILT_PRODUCTS_DIR)/CollegeApp.app/CollegeApp";
			};
			name = Release;
		};
		9DCB66521C251B2A0083586E /* Debug */ = {
			isa = XCBuildConfiguration;
			buildSettings = {
				INFOPLIST_FILE = CollegeAppUITests/Info.plist;
				LD_RUNPATH_SEARCH_PATHS = "$(inherited) @executable_path/Frameworks @loader_path/Frameworks";
				PRODUCT_BUNDLE_IDENTIFIER = zaltotech.CollegeAppUITests;
				PRODUCT_NAME = "$(TARGET_NAME)";
				TEST_TARGET_NAME = CollegeApp;
				USES_XCTRUNNER = YES;
			};
			name = Debug;
		};
		9DCB66531C251B2A0083586E /* Release */ = {
			isa = XCBuildConfiguration;
			buildSettings = {
				INFOPLIST_FILE = CollegeAppUITests/Info.plist;
				LD_RUNPATH_SEARCH_PATHS = "$(inherited) @executable_path/Frameworks @loader_path/Frameworks";
				PRODUCT_BUNDLE_IDENTIFIER = zaltotech.CollegeAppUITests;
				PRODUCT_NAME = "$(TARGET_NAME)";
				TEST_TARGET_NAME = CollegeApp;
				USES_XCTRUNNER = YES;
			};
			name = Release;
		};
/* End XCBuildConfiguration section */

/* Begin XCConfigurationList section */
		9DCB661E1C251B2A0083586E /* Build configuration list for PBXProject "CollegeApp" */ = {
			isa = XCConfigurationList;
			buildConfigurations = (
				9DCB66491C251B2A0083586E /* Debug */,
				9DCB664A1C251B2A0083586E /* Release */,
			);
			defaultConfigurationIsVisible = 0;
			defaultConfigurationName = Release;
		};
		9DCB664B1C251B2A0083586E /* Build configuration list for PBXNativeTarget "CollegeApp" */ = {
			isa = XCConfigurationList;
			buildConfigurations = (
				9DCB664C1C251B2A0083586E /* Debug */,
				9DCB664D1C251B2A0083586E /* Release */,
			);
			defaultConfigurationIsVisible = 0;
			defaultConfigurationName = Release;
		};
		9DCB664E1C251B2A0083586E /* Build configuration list for PBXNativeTarget "CollegeAppTests" */ = {
			isa = XCConfigurationList;
			buildConfigurations = (
				9DCB664F1C251B2A0083586E /* Debug */,
				9DCB66501C251B2A0083586E /* Release */,
			);
			defaultConfigurationIsVisible = 0;
			defaultConfigurationName = Release;
		};
		9DCB66511C251B2A0083586E /* Build configuration list for PBXNativeTarget "CollegeAppUITests" */ = {
			isa = XCConfigurationList;
			buildConfigurations = (
				9DCB66521C251B2A0083586E /* Debug */,
				9DCB66531C251B2A0083586E /* Release */,
			);
			defaultConfigurationIsVisible = 0;
			defaultConfigurationName = Release;
		};
/* End XCConfigurationList section */
	};
	rootObject = 9DCB661B1C251B2A0083586E /* Project object */;
}
